
Microsoft Visual Studio Solution File, Format Version 12.00
# Visual Studio Version 17
VisualStudioVersion = 17.2.32630.192
MinimumVisualStudioVersion = 10.0.40219.1
Project("{FAE04EC0-301F-11D3-BF4B-00C04F79EFBC}") = "Tasks", "Tasks\Tasks.csproj", "{108706C4-BFC6-4CA9-8420-1943A32CF43E}"
EndProject
Project("{2150E333-8FDC-42A3-9474-1A3956D46DE8}") = "Solution Items", "Solution Items", "{73471D0A-EE3D-40C3-8619-9E1E8741D1DC}"
	ProjectSection(SolutionItems) = preProject
		.editorconfig = .editorconfig
	EndProjectSection
EndProject
Global
	GlobalSection(SolutionConfigurationPlatforms) = preSolution
		Debug|Any CPU = Debug|Any CPU
		Release|Any CPU = Release|Any CPU
	EndGlobalSection
	GlobalSection(ProjectConfigurationPlatforms) = postSolution
		{108706C4-BFC6-4CA9-8420-1943A32CF43E}.Debug|Any CPU.ActiveCfg = Debug|Any CPU
		{108706C4-BFC6-4CA9-8420-1943A32CF43E}.Debug|Any CPU.Build.0 = Debug|Any CPU
		{108706C4-BFC6-4CA9-8420-1943A32CF43E}.Release|Any CPU.ActiveCfg = Release|Any CPU
		{108706C4-BFC6-4CA9-8420-1943A32CF43E}.Release|Any CPU.Build.0 = Release|Any CPU
	EndGlobalSection
	GlobalSection(SolutionProperties) = preSolution
		HideSolutionNode = FALSE
	EndGlobalSection
	GlobalSection(ExtensibilityGlobals) = postSolution
		SolutionGuid = {803CC439-E10A-483E-97AD-8FD0396ABE87}
	EndGlobalSection
EndGlobal
